
Microsoft Visual Studio Solution File, Format Version 12.00
# Visual Studio 2017
Project("{FAE04EC0-301F-11D3-BF4B-00C04F79EFBC}") = "waveleanght", "waveleanght.csproj", "{22051CF3-DF8A-B0DE-B7A9-6C69570F910D}"
EndProject
Global
	GlobalSection(SolutionConfigurationPlatforms) = preSolution
		Debug|Any CPU = Debug|Any CPU
		Release|Any CPU = Release|Any CPU
	EndGlobalSection
	GlobalSection(ProjectConfigurationPlatforms) = postSolution
		{22051CF3-DF8A-B0DE-B7A9-6C69570F910D}.Debug|Any CPU.ActiveCfg = Debug|Any CPU
		{22051CF3-DF8A-B0DE-B7A9-6C69570F910D}.Debug|Any CPU.Build.0 = Debug|Any CPU
		{22051CF3-DF8A-B0DE-B7A9-6C69570F910D}.Release|Any CPU.ActiveCfg = Release|Any CPU
		{22051CF3-DF8A-B0DE-B7A9-6C69570F910D}.Release|Any CPU.Build.0 = Release|Any CPU
	EndGlobalSection
	GlobalSection(SolutionProperties) = preSolution
		HideSolutionNode = FALSE
	EndGlobalSection
EndGlobal
